
Microsoft Visual Studio Solution File, Format Version 12.00
# Visual Studio Version 17
VisualStudioVersion = 17.13.35931.197 d17.13
MinimumVisualStudioVersion = 10.0.40219.1
Project("{8BC9CEB8-8B4A-11D0-8D11-00A0C91BC942}") = "practice13", "practice13\practice13.vcxproj", "{B4DF0B48-2023-4E69-86C4-7E1CFE7E9D2E}"
EndProject
Global
	GlobalSection(SolutionConfigurationPlatforms) = preSolution
		Debug|x64 = Debug|x64
		Debug|x86 = Debug|x86
		Release|x64 = Release|x64
		Release|x86 = Release|x86
	EndGlobalSection
	GlobalSection(ProjectConfigurationPlatforms) = postSolution
		{B4DF0B48-2023-4E69-86C4-7E1CFE7E9D2E}.Debug|x64.ActiveCfg = Debug|x64
		{B4DF0B48-2023-4E69-86C4-7E1CFE7E9D2E}.Debug|x64.Build.0 = Debug|x64
		{B4DF0B48-2023-4E69-86C4-7E1CFE7E9D2E}.Debug|x86.ActiveCfg = Debug|Win32
		{B4DF0B48-2023-4E69-86C4-7E1CFE7E9D2E}.Debug|x86.Build.0 = Debug|Win32
		{B4DF0B48-2023-4E69-86C4-7E1CFE7E9D2E}.Release|x64.ActiveCfg = Release|x64
		{B4DF0B48-2023-4E69-86C4-7E1CFE7E9D2E}.Release|x64.Build.0 = Release|x64
		{B4DF0B48-2023-4E69-86C4-7E1CFE7E9D2E}.Release|x86.ActiveCfg = Release|Win32
		{B4DF0B48-2023-4E69-86C4-7E1CFE7E9D2E}.Release|x86.Build.0 = Release|Win32
	EndGlobalSection
	GlobalSection(SolutionProperties) = preSolution
		HideSolutionNode = FALSE
	EndGlobalSection
	GlobalSection(ExtensibilityGlobals) = postSolution
		SolutionGuid = {A9A67B40-F700-45E8-B7F3-C544985313E6}
	EndGlobalSection
EndGlobal
